# This file is automatically @generated by Cargo.
# It is not intended for manual editing.
[[package]]
name = "decent-serde-toml-derive-alternative"
version = "0.1.0"
source = "registry+https://github.com/rust-lang/crates.io-index"
checksum = "6c1b48f4e5319ef672116ffc5e8d784f654a7b1e2c96a0aae884dd3802ad6ed2"
dependencies = [
 "decent-synquote-alternative",
 "proc-macro2",
]

[[package]]
name = "decent-synquote-alternative"
version = "0.1.0"
source = "registry+https://github.com/rust-lang/crates.io-index"
checksum = "c5298c2b893fb4094476d9e1ab509b2dd753e96a5f0932e01d8c0a1bc01abc82"
dependencies = [
 "proc-macro2",
]

[[package]]
name = "decent-toml-rs-alternative"
version = "0.1.0"
dependencies = [
 "decent-serde-toml-derive-alternative",
]

[[package]]
name = "proc-macro2"
version = "1.0.24"
source = "registry+https://github.com/rust-lang/crates.io-index"
checksum = "1e0704ee1a7e00d7bb417d0770ea303c1bccbabf0ef1667dae92b5967f5f8a71"
dependencies = [
 "unicode-xid",
]

[[package]]
name = "unicode-xid"
version = "0.2.1"
source = "registry+https://github.com/rust-lang/crates.io-index"
checksum = "f7fe0bb3479651439c9112f72b6c505038574c9fbb575ed1bf3b797fa39dd564"
